// !$*UTF8*$!
{
	archiveVersion = 1;
	classes = {
	};
	objectVersion = 56;
	objects = {

/* Begin PBXBuildFile section */
		0B3F763A296D94BE00D3427C /* GoogleService-Info.plist in Resources */ = {isa = PBXBuildFile; fileRef = 0B3F7639296D94BE00D3427C /* GoogleService-Info.plist */; };
		0B5025202972B10C00DAB3E2 /* FirebaseAuth in Frameworks */ = {isa = PBXBuildFile; productRef = 0B50251F2972B10C00DAB3E2 /* FirebaseAuth */; };
		0B5025222972B10C00DAB3E2 /* FirebaseFirestore in Frameworks */ = {isa = PBXBuildFile; productRef = 0B5025212972B10C00DAB3E2 /* FirebaseFirestore */; };
		0B5025242972B10C00DAB3E2 /* FirebaseFirestoreSwift in Frameworks */ = {isa = PBXBuildFile; productRef = 0B5025232972B10C00DAB3E2 /* FirebaseFirestoreSwift */; };
		0B5025262972B10C00DAB3E2 /* FirebaseFunctions in Frameworks */ = {isa = PBXBuildFile; productRef = 0B5025252972B10C00DAB3E2 /* FirebaseFunctions */; };
		0B5025282972B10C00DAB3E2 /* FirebaseMessaging in Frameworks */ = {isa = PBXBuildFile; productRef = 0B5025272972B10C00DAB3E2 /* FirebaseMessaging */; };
		0B50252A2972B10C00DAB3E2 /* FirebaseStorage in Frameworks */ = {isa = PBXBuildFile; productRef = 0B5025292972B10C00DAB3E2 /* FirebaseStorage */; };
		0B50252C2972E08500DAB3E2 /* SearchViewModel.swift in Sources */ = {isa = PBXBuildFile; fileRef = 0B50252B2972E08500DAB3E2 /* SearchViewModel.swift */; };
		0BA1C943296ACFA200191A61 /* UserStatView.swift in Sources */ = {isa = PBXBuildFile; fileRef = 0BA1C942296ACFA200191A61 /* UserStatView.swift */; };
		0BA1C945296ADF0900191A61 /* ProfileActionButtonView.swift in Sources */ = {isa = PBXBuildFile; fileRef = 0BA1C944296ADF0900191A61 /* ProfileActionButtonView.swift */; };
		0BA1C947296AE65A00191A61 /* ProfileHeaderView.swift in Sources */ = {isa = PBXBuildFile; fileRef = 0BA1C946296AE65A00191A61 /* ProfileHeaderView.swift */; };
		0BA1C949296B202500191A61 /* ImagePicker.swift in Sources */ = {isa = PBXBuildFile; fileRef = 0BA1C948296B202500191A61 /* ImagePicker.swift */; };
		0BA2B9FA296A1B2900AD645B /* Extentions.swift in Sources */ = {isa = PBXBuildFile; fileRef = 0BA2B9F9296A1B2900AD645B /* Extentions.swift */; };
		0BA2B9FC296A21EA00AD645B /* NotificationCell.swift in Sources */ = {isa = PBXBuildFile; fileRef = 0BA2B9FB296A21EA00AD645B /* NotificationCell.swift */; };
		0BAC70EB296828DB0045AF31 /* UserCell.swift in Sources */ = {isa = PBXBuildFile; fileRef = 0BAC70EA296828DB0045AF31 /* UserCell.swift */; };
		0BAC70ED296828F00045AF31 /* UserListView.swift in Sources */ = {isa = PBXBuildFile; fileRef = 0BAC70EC296828F00045AF31 /* UserListView.swift */; };
		0BAF11E429717E0300FE604E /* Constants.swift in Sources */ = {isa = PBXBuildFile; fileRef = 0BAF11E329717E0300FE604E /* Constants.swift */; };
		0BAF11E62972068300FE604E /* User.swift in Sources */ = {isa = PBXBuildFile; fileRef = 0BAF11E52972068300FE604E /* User.swift */; };
		0BC51027296CAE6F009F2585 /* RegisterView.swift in Sources */ = {isa = PBXBuildFile; fileRef = 0BC51026296CAE6F009F2585 /* RegisterView.swift */; };
		0BC51029296CAE7E009F2585 /* LoginView.swift in Sources */ = {isa = PBXBuildFile; fileRef = 0BC51028296CAE7E009F2585 /* LoginView.swift */; };
		0BC5102B296CAEA2009F2585 /* ResetPasswordView.swift in Sources */ = {isa = PBXBuildFile; fileRef = 0BC5102A296CAEA2009F2585 /* ResetPasswordView.swift */; };
		0BC92DD4296ED537001B0471 /* ImageUploader.swift in Sources */ = {isa = PBXBuildFile; fileRef = 0BC92DD3296ED536001B0471 /* ImageUploader.swift */; };
		0BD1747B296DB90E00F04EE4 /* Kingfisher in Frameworks */ = {isa = PBXBuildFile; productRef = 0BD1747A296DB90E00F04EE4 /* Kingfisher */; };
		0BD17488296DF11400F04EE4 /* AuthenticationViewModel.swift in Sources */ = {isa = PBXBuildFile; fileRef = 0BD17487296DF11400F04EE4 /* AuthenticationViewModel.swift */; };
		0BFD928D2966EC85001C6765 /* InstagramWithBackendApp.swift in Sources */ = {isa = PBXBuildFile; fileRef = 0BFD928C2966EC85001C6765 /* InstagramWithBackendApp.swift */; };
		0BFD928F2966EC85001C6765 /* ContentView.swift in Sources */ = {isa = PBXBuildFile; fileRef = 0BFD928E2966EC85001C6765 /* ContentView.swift */; };
		0BFD92912966EC87001C6765 /* Assets.xcassets in Resources */ = {isa = PBXBuildFile; fileRef = 0BFD92902966EC87001C6765 /* Assets.xcassets */; };
		0BFD92942966EC87001C6765 /* Preview Assets.xcassets in Resources */ = {isa = PBXBuildFile; fileRef = 0BFD92932966EC87001C6765 /* Preview Assets.xcassets */; };
		0BFD92962966EC87001C6765 /* Persistence.swift in Sources */ = {isa = PBXBuildFile; fileRef = 0BFD92952966EC87001C6765 /* Persistence.swift */; };
		0BFD92992966EC87001C6765 /* InstagramWithBackend.xcdatamodeld in Sources */ = {isa = PBXBuildFile; fileRef = 0BFD92972966EC87001C6765 /* InstagramWithBackend.xcdatamodeld */; };
		0BFD92A32966EC87001C6765 /* InstagramWithBackendTests.swift in Sources */ = {isa = PBXBuildFile; fileRef = 0BFD92A22966EC87001C6765 /* InstagramWithBackendTests.swift */; };
		0BFD92AD2966EC87001C6765 /* InstagramWithBackendUITests.swift in Sources */ = {isa = PBXBuildFile; fileRef = 0BFD92AC2966EC87001C6765 /* InstagramWithBackendUITests.swift */; };
		0BFD92AF2966EC87001C6765 /* InstagramWithBackendUITestsLaunchTests.swift in Sources */ = {isa = PBXBuildFile; fileRef = 0BFD92AE2966EC87001C6765 /* InstagramWithBackendUITestsLaunchTests.swift */; };
		0BFD92C429670287001C6765 /* SearchView.swift in Sources */ = {isa = PBXBuildFile; fileRef = 0BFD92C329670287001C6765 /* SearchView.swift */; };
		0BFD92CE2967030A001C6765 /* CommentsView.swift in Sources */ = {isa = PBXBuildFile; fileRef = 0BFD92CD2967030A001C6765 /* CommentsView.swift */; };
		0BFD92D8296707D0001C6765 /* UploadPostView.swift in Sources */ = {isa = PBXBuildFile; fileRef = 0BFD92D7296707D0001C6765 /* UploadPostView.swift */; };
		0BFD92DC2967080C001C6765 /* MainTabView.swift in Sources */ = {isa = PBXBuildFile; fileRef = 0BFD92DB2967080C001C6765 /* MainTabView.swift */; };
		0BFD92DF296708D1001C6765 /* NotificationsView.swift in Sources */ = {isa = PBXBuildFile; fileRef = 0BFD92DE296708D1001C6765 /* NotificationsView.swift */; };
		0BFD92E129670D26001C6765 /* ProfileView.swift in Sources */ = {isa = PBXBuildFile; fileRef = 0BFD92E029670D26001C6765 /* ProfileView.swift */; };
		0BFD92E629671738001C6765 /* AuthenticationView.swift in Sources */ = {isa = PBXBuildFile; fileRef = 0BFD92E529671738001C6765 /* AuthenticationView.swift */; };
		0BFD92EC2967320E001C6765 /* FeedView.swift in Sources */ = {isa = PBXBuildFile; fileRef = 0BFD92EB2967320E001C6765 /* FeedView.swift */; };
		0BFD92EE296734D8001C6765 /* Theme.swift in Sources */ = {isa = PBXBuildFile; fileRef = 0BFD92ED296734D8001C6765 /* Theme.swift */; };
		0BFD92F029674199001C6765 /* FeedCell.swift in Sources */ = {isa = PBXBuildFile; fileRef = 0BFD92EF29674199001C6765 /* FeedCell.swift */; };
		0BFD92F2296794FE001C6765 /* PostGridView.swift in Sources */ = {isa = PBXBuildFile; fileRef = 0BFD92F1296794FE001C6765 /* PostGridView.swift */; };
/* End PBXBuildFile section */

/* Begin PBXContainerItemProxy section */
		0BFD929F2966EC87001C6765 /* PBXContainerItemProxy */ = {
			isa = PBXContainerItemProxy;
			containerPortal = 0BFD92812966EC85001C6765 /* Project object */;
			proxyType = 1;
			remoteGlobalIDString = 0BFD92882966EC85001C6765;
			remoteInfo = InstagramWithBackend;
		};
		0BFD92A92966EC87001C6765 /* PBXContainerItemProxy */ = {
			isa = PBXContainerItemProxy;
			containerPortal = 0BFD92812966EC85001C6765 /* Project object */;
			proxyType = 1;
			remoteGlobalIDString = 0BFD92882966EC85001C6765;
			remoteInfo = InstagramWithBackend;
		};
/* End PBXContainerItemProxy section */

/* Begin PBXFileReference section */
		0B3F7639296D94BE00D3427C /* GoogleService-Info.plist */ = {isa = PBXFileReference; fileEncoding = 4; lastKnownFileType = text.plist.xml; path = "GoogleService-Info.plist"; sourceTree = "<group>"; };
		0B50252B2972E08500DAB3E2 /* SearchViewModel.swift */ = {isa = PBXFileReference; lastKnownFileType = sourcecode.swift; path = SearchViewModel.swift; sourceTree = "<group>"; };
		0BA1C942296ACFA200191A61 /* UserStatView.swift */ = {isa = PBXFileReference; lastKnownFileType = sourcecode.swift; path = UserStatView.swift; sourceTree = "<group>"; };
		0BA1C944296ADF0900191A61 /* ProfileActionButtonView.swift */ = {isa = PBXFileReference; lastKnownFileType = sourcecode.swift; path = ProfileActionButtonView.swift; sourceTree = "<group>"; };
		0BA1C946296AE65A00191A61 /* ProfileHeaderView.swift */ = {isa = PBXFileReference; lastKnownFileType = sourcecode.swift; path = ProfileHeaderView.swift; sourceTree = "<group>"; };
		0BA1C948296B202500191A61 /* ImagePicker.swift */ = {isa = PBXFileReference; lastKnownFileType = sourcecode.swift; path = ImagePicker.swift; sourceTree = "<group>"; };
		0BA2B9F9296A1B2900AD645B /* Extentions.swift */ = {isa = PBXFileReference; lastKnownFileType = sourcecode.swift; path = Extentions.swift; sourceTree = "<group>"; };
		0BA2B9FB296A21EA00AD645B /* NotificationCell.swift */ = {isa = PBXFileReference; lastKnownFileType = sourcecode.swift; path = NotificationCell.swift; sourceTree = "<group>"; };
		0BAC70EA296828DB0045AF31 /* UserCell.swift */ = {isa = PBXFileReference; lastKnownFileType = sourcecode.swift; path = UserCell.swift; sourceTree = "<group>"; };
		0BAC70EC296828F00045AF31 /* UserListView.swift */ = {isa = PBXFileReference; lastKnownFileType = sourcecode.swift; path = UserListView.swift; sourceTree = "<group>"; };
		0BAF11E329717E0300FE604E /* Constants.swift */ = {isa = PBXFileReference; lastKnownFileType = sourcecode.swift; path = Constants.swift; sourceTree = "<group>"; };
		0BAF11E52972068300FE604E /* User.swift */ = {isa = PBXFileReference; lastKnownFileType = sourcecode.swift; path = User.swift; sourceTree = "<group>"; };
		0BC51026296CAE6F009F2585 /* RegisterView.swift */ = {isa = PBXFileReference; lastKnownFileType = sourcecode.swift; path = RegisterView.swift; sourceTree = "<group>"; };
		0BC51028296CAE7E009F2585 /* LoginView.swift */ = {isa = PBXFileReference; lastKnownFileType = sourcecode.swift; path = LoginView.swift; sourceTree = "<group>"; };
		0BC5102A296CAEA2009F2585 /* ResetPasswordView.swift */ = {isa = PBXFileReference; lastKnownFileType = sourcecode.swift; path = ResetPasswordView.swift; sourceTree = "<group>"; };
		0BC92DD3296ED536001B0471 /* ImageUploader.swift */ = {isa = PBXFileReference; lastKnownFileType = sourcecode.swift; path = ImageUploader.swift; sourceTree = "<group>"; };
		0BD17487296DF11400F04EE4 /* AuthenticationViewModel.swift */ = {isa = PBXFileReference; lastKnownFileType = sourcecode.swift; path = AuthenticationViewModel.swift; sourceTree = "<group>"; };
		0BFD92892966EC85001C6765 /* InstagramWithBackend.app */ = {isa = PBXFileReference; explicitFileType = wrapper.application; includeInIndex = 0; path = InstagramWithBackend.app; sourceTree = BUILT_PRODUCTS_DIR; };
		0BFD928C2966EC85001C6765 /* InstagramWithBackendApp.swift */ = {isa = PBXFileReference; lastKnownFileType = sourcecode.swift; path = InstagramWithBackendApp.swift; sourceTree = "<group>"; };
		0BFD928E2966EC85001C6765 /* ContentView.swift */ = {isa = PBXFileReference; lastKnownFileType = sourcecode.swift; path = ContentView.swift; sourceTree = "<group>"; };
		0BFD92902966EC87001C6765 /* Assets.xcassets */ = {isa = PBXFileReference; lastKnownFileType = folder.assetcatalog; path = Assets.xcassets; sourceTree = "<group>"; };
		0BFD92932966EC87001C6765 /* Preview Assets.xcassets */ = {isa = PBXFileReference; lastKnownFileType = folder.assetcatalog; path = "Preview Assets.xcassets"; sourceTree = "<group>"; };
		0BFD92952966EC87001C6765 /* Persistence.swift */ = {isa = PBXFileReference; lastKnownFileType = sourcecode.swift; path = Persistence.swift; sourceTree = "<group>"; };
		0BFD92982966EC87001C6765 /* InstagramWithBackend.xcdatamodel */ = {isa = PBXFileReference; lastKnownFileType = wrapper.xcdatamodel; path = InstagramWithBackend.xcdatamodel; sourceTree = "<group>"; };
		0BFD929E2966EC87001C6765 /* InstagramWithBackendTests.xctest */ = {isa = PBXFileReference; explicitFileType = wrapper.cfbundle; includeInIndex = 0; path = InstagramWithBackendTests.xctest; sourceTree = BUILT_PRODUCTS_DIR; };
		0BFD92A22966EC87001C6765 /* InstagramWithBackendTests.swift */ = {isa = PBXFileReference; lastKnownFileType = sourcecode.swift; path = InstagramWithBackendTests.swift; sourceTree = "<group>"; };
		0BFD92A82966EC87001C6765 /* InstagramWithBackendUITests.xctest */ = {isa = PBXFileReference; explicitFileType = wrapper.cfbundle; includeInIndex = 0; path = InstagramWithBackendUITests.xctest; sourceTree = BUILT_PRODUCTS_DIR; };
		0BFD92AC2966EC87001C6765 /* InstagramWithBackendUITests.swift */ = {isa = PBXFileReference; lastKnownFileType = sourcecode.swift; path = InstagramWithBackendUITests.swift; sourceTree = "<group>"; };
		0BFD92AE2966EC87001C6765 /* InstagramWithBackendUITestsLaunchTests.swift */ = {isa = PBXFileReference; lastKnownFileType = sourcecode.swift; path = InstagramWithBackendUITestsLaunchTests.swift; sourceTree = "<group>"; };
		0BFD92C329670287001C6765 /* SearchView.swift */ = {isa = PBXFileReference; lastKnownFileType = sourcecode.swift; path = SearchView.swift; sourceTree = "<group>"; };
		0BFD92CD2967030A001C6765 /* CommentsView.swift */ = {isa = PBXFileReference; lastKnownFileType = sourcecode.swift; path = CommentsView.swift; sourceTree = "<group>"; };
		0BFD92D7296707D0001C6765 /* UploadPostView.swift */ = {isa = PBXFileReference; lastKnownFileType = sourcecode.swift; path = UploadPostView.swift; sourceTree = "<group>"; };
		0BFD92DB2967080C001C6765 /* MainTabView.swift */ = {isa = PBXFileReference; lastKnownFileType = sourcecode.swift; path = MainTabView.swift; sourceTree = "<group>"; };
		0BFD92DE296708D1001C6765 /* NotificationsView.swift */ = {isa = PBXFileReference; lastKnownFileType = sourcecode.swift; path = NotificationsView.swift; sourceTree = "<group>"; };
		0BFD92E029670D26001C6765 /* ProfileView.swift */ = {isa = PBXFileReference; lastKnownFileType = sourcecode.swift; path = ProfileView.swift; sourceTree = "<group>"; };
		0BFD92E529671738001C6765 /* AuthenticationView.swift */ = {isa = PBXFileReference; lastKnownFileType = sourcecode.swift; path = AuthenticationView.swift; sourceTree = "<group>"; };
		0BFD92EB2967320E001C6765 /* FeedView.swift */ = {isa = PBXFileReference; lastKnownFileType = sourcecode.swift; path = FeedView.swift; sourceTree = "<group>"; };
		0BFD92ED296734D8001C6765 /* Theme.swift */ = {isa = PBXFileReference; lastKnownFileType = sourcecode.swift; path = Theme.swift; sourceTree = "<group>"; };
		0BFD92EF29674199001C6765 /* FeedCell.swift */ = {isa = PBXFileReference; lastKnownFileType = sourcecode.swift; path = FeedCell.swift; sourceTree = "<group>"; };
		0BFD92F1296794FE001C6765 /* PostGridView.swift */ = {isa = PBXFileReference; lastKnownFileType = sourcecode.swift; path = PostGridView.swift; sourceTree = "<group>"; };
/* End PBXFileReference section */

/* Begin PBXFrameworksBuildPhase section */
		0BFD92862966EC85001C6765 /* Frameworks */ = {
			isa = PBXFrameworksBuildPhase;
			buildActionMask = 2147483647;
			files = (
				0B5025282972B10C00DAB3E2 /* FirebaseMessaging in Frameworks */,
				0BD1747B296DB90E00F04EE4 /* Kingfisher in Frameworks */,
				0B5025202972B10C00DAB3E2 /* FirebaseAuth in Frameworks */,
				0B5025262972B10C00DAB3E2 /* FirebaseFunctions in Frameworks */,
				0B50252A2972B10C00DAB3E2 /* FirebaseStorage in Frameworks */,
				0B5025222972B10C00DAB3E2 /* FirebaseFirestore in Frameworks */,
				0B5025242972B10C00DAB3E2 /* FirebaseFirestoreSwift in Frameworks */,
			);
			runOnlyForDeploymentPostprocessing = 0;
		};
		0BFD929B2966EC87001C6765 /* Frameworks */ = {
			isa = PBXFrameworksBuildPhase;
			buildActionMask = 2147483647;
			files = (
			);
			runOnlyForDeploymentPostprocessing = 0;
		};
		0BFD92A52966EC87001C6765 /* Frameworks */ = {
			isa = PBXFrameworksBuildPhase;
			buildActionMask = 2147483647;
			files = (
			);
			runOnlyForDeploymentPostprocessing = 0;
		};
/* End PBXFrameworksBuildPhase section */

/* Begin PBXGroup section */
		0B80B27429685F7800206814 /* ViewModels */ = {
			isa = PBXGroup;
			children = (
			);
			path = ViewModels;
			sourceTree = "<group>";
		};
		0B80B27529685F8100206814 /* Models */ = {
			isa = PBXGroup;
			children = (
			);
			path = Models;
			sourceTree = "<group>";
		};
		0B80B27629685F9200206814 /* ViewModels */ = {
			isa = PBXGroup;
			children = (
			);
			path = ViewModels;
			sourceTree = "<group>";
		};
		0B80B27729685FAB00206814 /* Models */ = {
			isa = PBXGroup;
			children = (
			);
			path = Models;
			sourceTree = "<group>";
		};
		0B80B27829685FBF00206814 /* ViewModels */ = {
			isa = PBXGroup;
			children = (
			);
			path = ViewModels;
			sourceTree = "<group>";
		};
		0B80B27929685FC700206814 /* Models */ = {
			isa = PBXGroup;
			children = (
			);
			path = Models;
			sourceTree = "<group>";
		};
		0BA2B9F8296A1B0B00AD645B /* Utils */ = {
			isa = PBXGroup;
			children = (
				0BFD92ED296734D8001C6765 /* Theme.swift */,
				0BA2B9F9296A1B2900AD645B /* Extentions.swift */,
				0BA1C948296B202500191A61 /* ImagePicker.swift */,
				0BAF11E329717E0300FE604E /* Constants.swift */,
			);
			path = Utils;
			sourceTree = "<group>";
		};
		0BC92DD2296ED4F2001B0471 /* Api */ = {
			isa = PBXGroup;
			children = (
				0BC92DD3296ED536001B0471 /* ImageUploader.swift */,
			);
			path = Api;
			sourceTree = "<group>";
		};
		0BFD92802966EC85001C6765 = {
			isa = PBXGroup;
			children = (
				0BFD928B2966EC85001C6765 /* InstagramWithBackend */,
				0BFD92A12966EC87001C6765 /* InstagramWithBackendTests */,
				0BFD92AB2966EC87001C6765 /* InstagramWithBackendUITests */,
				0BFD928A2966EC85001C6765 /* Products */,
			);
			sourceTree = "<group>";
		};
		0BFD928A2966EC85001C6765 /* Products */ = {
			isa = PBXGroup;
			children = (
				0BFD92892966EC85001C6765 /* InstagramWithBackend.app */,
				0BFD929E2966EC87001C6765 /* InstagramWithBackendTests.xctest */,
				0BFD92A82966EC87001C6765 /* InstagramWithBackendUITests.xctest */,
			);
			name = Products;
			sourceTree = "<group>";
		};
		0BFD928B2966EC85001C6765 /* InstagramWithBackend */ = {
			isa = PBXGroup;
			children = (
				0B3F7639296D94BE00D3427C /* GoogleService-Info.plist */,
				0BFD92CF29670316001C6765 /* Base */,
				0BFD92BD296701B6001C6765 /* Features */,
				0BFD928C2966EC85001C6765 /* InstagramWithBackendApp.swift */,
				0BFD92902966EC87001C6765 /* Assets.xcassets */,
				0BFD92952966EC87001C6765 /* Persistence.swift */,
				0BFD92972966EC87001C6765 /* InstagramWithBackend.xcdatamodeld */,
				0BFD92922966EC87001C6765 /* Preview Content */,
			);
			path = InstagramWithBackend;
			sourceTree = "<group>";
		};
		0BFD92922966EC87001C6765 /* Preview Content */ = {
			isa = PBXGroup;
			children = (
				0BFD92932966EC87001C6765 /* Preview Assets.xcassets */,
			);
			path = "Preview Content";
			sourceTree = "<group>";
		};
		0BFD92A12966EC87001C6765 /* InstagramWithBackendTests */ = {
			isa = PBXGroup;
			children = (
				0BFD92A22966EC87001C6765 /* InstagramWithBackendTests.swift */,
			);
			path = InstagramWithBackendTests;
			sourceTree = "<group>";
		};
		0BFD92AB2966EC87001C6765 /* InstagramWithBackendUITests */ = {
			isa = PBXGroup;
			children = (
				0BFD92AC2966EC87001C6765 /* InstagramWithBackendUITests.swift */,
				0BFD92AE2966EC87001C6765 /* InstagramWithBackendUITestsLaunchTests.swift */,
			);
			path = InstagramWithBackendUITests;
			sourceTree = "<group>";
		};
		0BFD92BD296701B6001C6765 /* Features */ = {
			isa = PBXGroup;
			children = (
				0BFD92D9296707E4001C6765 /* Main */,
				0BFD92D52967079A001C6765 /* UploadPost */,
				0BFD92D429670392001C6765 /* Notifications */,
				0BFD92D329670387001C6765 /* Profile */,
				0BFD92C9296702C6001C6765 /* Comments */,
				0BFD92C529670292001C6765 /* Authentication */,
				0BFD92BF296701E6001C6765 /* Search */,
				0BFD92BE296701C5001C6765 /* Feed */,
			);
			path = Features;
			sourceTree = "<group>";
		};
		0BFD92BE296701C5001C6765 /* Feed */ = {
			isa = PBXGroup;
			children = (
				0BFD92EA296731DF001C6765 /* Models */,
				0BFD92E9296731D6001C6765 /* ViewModels */,
				0BFD92E8296731CF001C6765 /* Views */,
			);
			path = Feed;
			sourceTree = "<group>";
		};
		0BFD92BF296701E6001C6765 /* Search */ = {
			isa = PBXGroup;
			children = (
				0BFD92C22967026D001C6765 /* Models */,
				0BFD92C129670265001C6765 /* ViewModels */,
				0BFD92C029670256001C6765 /* Views */,
			);
			path = Search;
			sourceTree = "<group>";
		};
		0BFD92C029670256001C6765 /* Views */ = {
			isa = PBXGroup;
			children = (
				0BFD92C329670287001C6765 /* SearchView.swift */,
			);
			path = Views;
			sourceTree = "<group>";
		};
		0BFD92C129670265001C6765 /* ViewModels */ = {
			isa = PBXGroup;
			children = (
				0B50252B2972E08500DAB3E2 /* SearchViewModel.swift */,
			);
			path = ViewModels;
			sourceTree = "<group>";
		};
		0BFD92C22967026D001C6765 /* Models */ = {
			isa = PBXGroup;
			children = (
			);
			path = Models;
			sourceTree = "<group>";
		};
		0BFD92C529670292001C6765 /* Authentication */ = {
			isa = PBXGroup;
			children = (
				0BFD92C8296702B7001C6765 /* Models */,
				0BFD92C7296702AF001C6765 /* ViewModels */,
				0BFD92C6296702A6001C6765 /* Views */,
			);
			path = Authentication;
			sourceTree = "<group>";
		};
		0BFD92C6296702A6001C6765 /* Views */ = {
			isa = PBXGroup;
			children = (
				0BFD92E529671738001C6765 /* AuthenticationView.swift */,
				0BC51026296CAE6F009F2585 /* RegisterView.swift */,
				0BC51028296CAE7E009F2585 /* LoginView.swift */,
				0BC5102A296CAEA2009F2585 /* ResetPasswordView.swift */,
			);
			path = Views;
			sourceTree = "<group>";
		};
		0BFD92C7296702AF001C6765 /* ViewModels */ = {
			isa = PBXGroup;
			children = (
				0BD17487296DF11400F04EE4 /* AuthenticationViewModel.swift */,
			);
			path = ViewModels;
			sourceTree = "<group>";
		};
		0BFD92C8296702B7001C6765 /* Models */ = {
			isa = PBXGroup;
			children = (
			);
			path = Models;
			sourceTree = "<group>";
		};
		0BFD92C9296702C6001C6765 /* Comments */ = {
			isa = PBXGroup;
			children = (
				0BFD92CC296702E9001C6765 /* Models */,
				0BFD92CB296702DE001C6765 /* ViewModels */,
				0BFD92CA296702D6001C6765 /* Views */,
			);
			path = Comments;
			sourceTree = "<group>";
		};
		0BFD92CA296702D6001C6765 /* Views */ = {
			isa = PBXGroup;
			children = (
				0BFD92CD2967030A001C6765 /* CommentsView.swift */,
			);
			path = Views;
			sourceTree = "<group>";
		};
		0BFD92CB296702DE001C6765 /* ViewModels */ = {
			isa = PBXGroup;
			children = (
			);
			path = ViewModels;
			sourceTree = "<group>";
		};
		0BFD92CC296702E9001C6765 /* Models */ = {
			isa = PBXGroup;
			children = (
			);
			path = Models;
			sourceTree = "<group>";
		};
		0BFD92CF29670316001C6765 /* Base */ = {
			isa = PBXGroup;
			children = (
				0BC92DD2296ED4F2001B0471 /* Api */,
				0BA2B9F8296A1B0B00AD645B /* Utils */,
				0BFD92D229670331001C6765 /* Models */,
				0BFD92D129670329001C6765 /* ViewModels */,
				0BFD92D029670321001C6765 /* Views */,
			);
			path = Base;
			sourceTree = "<group>";
		};
		0BFD92D029670321001C6765 /* Views */ = {
			isa = PBXGroup;
			children = (
				0BFD92F1296794FE001C6765 /* PostGridView.swift */,
				0BAC70EA296828DB0045AF31 /* UserCell.swift */,
				0BAC70EC296828F00045AF31 /* UserListView.swift */,
			);
			path = Views;
			sourceTree = "<group>";
		};
		0BFD92D129670329001C6765 /* ViewModels */ = {
			isa = PBXGroup;
			children = (
			);
			path = ViewModels;
			sourceTree = "<group>";
		};
		0BFD92D229670331001C6765 /* Models */ = {
			isa = PBXGroup;
			children = (
				0BAF11E52972068300FE604E /* User.swift */,
			);
			path = Models;
			sourceTree = "<group>";
		};
		0BFD92D329670387001C6765 /* Profile */ = {
			isa = PBXGroup;
			children = (
				0BFD92E429670D3D001C6765 /* ViewModels */,
				0BFD92E329670D35001C6765 /* Models */,
				0BFD92E229670D2A001C6765 /* Views */,
			);
			path = Profile;
			sourceTree = "<group>";
		};
		0BFD92D429670392001C6765 /* Notifications */ = {
			isa = PBXGroup;
			children = (
				0B80B27929685FC700206814 /* Models */,
				0B80B27829685FBF00206814 /* ViewModels */,
				0BFD92DD296708BB001C6765 /* Views */,
			);
			path = Notifications;
			sourceTree = "<group>";
		};
		0BFD92D52967079A001C6765 /* UploadPost */ = {
			isa = PBXGroup;
			children = (
				0B80B27729685FAB00206814 /* Models */,
				0B80B27629685F9200206814 /* ViewModels */,
				0BFD92D6296707B3001C6765 /* Views */,
			);
			path = UploadPost;
			sourceTree = "<group>";
		};
		0BFD92D6296707B3001C6765 /* Views */ = {
			isa = PBXGroup;
			children = (
				0BFD92D7296707D0001C6765 /* UploadPostView.swift */,
			);
			path = Views;
			sourceTree = "<group>";
		};
		0BFD92D9296707E4001C6765 /* Main */ = {
			isa = PBXGroup;
			children = (
				0B80B27529685F8100206814 /* Models */,
				0B80B27429685F7800206814 /* ViewModels */,
				0BFD92DA296707ED001C6765 /* Views */,
			);
			path = Main;
			sourceTree = "<group>";
		};
		0BFD92DA296707ED001C6765 /* Views */ = {
			isa = PBXGroup;
			children = (
				0BFD92DB2967080C001C6765 /* MainTabView.swift */,
				0BFD928E2966EC85001C6765 /* ContentView.swift */,
			);
			path = Views;
			sourceTree = "<group>";
		};
		0BFD92DD296708BB001C6765 /* Views */ = {
			isa = PBXGroup;
			children = (
				0BFD92DE296708D1001C6765 /* NotificationsView.swift */,
				0BA2B9FB296A21EA00AD645B /* NotificationCell.swift */,
			);
			path = Views;
			sourceTree = "<group>";
		};
		0BFD92E229670D2A001C6765 /* Views */ = {
			isa = PBXGroup;
			children = (
				0BFD92E029670D26001C6765 /* ProfileView.swift */,
				0BA1C942296ACFA200191A61 /* UserStatView.swift */,
				0BA1C944296ADF0900191A61 /* ProfileActionButtonView.swift */,
				0BA1C946296AE65A00191A61 /* ProfileHeaderView.swift */,
			);
			path = Views;
			sourceTree = "<group>";
		};
		0BFD92E329670D35001C6765 /* Models */ = {
			isa = PBXGroup;
			children = (
			);
			path = Models;
			sourceTree = "<group>";
		};
		0BFD92E429670D3D001C6765 /* ViewModels */ = {
			isa = PBXGroup;
			children = (
			);
			path = ViewModels;
			sourceTree = "<group>";
		};
		0BFD92E8296731CF001C6765 /* Views */ = {
			isa = PBXGroup;
			children = (
				0BFD92EB2967320E001C6765 /* FeedView.swift */,
				0BFD92EF29674199001C6765 /* FeedCell.swift */,
			);
			path = Views;
			sourceTree = "<group>";
		};
		0BFD92E9296731D6001C6765 /* ViewModels */ = {
			isa = PBXGroup;
			children = (
			);
			path = ViewModels;
			sourceTree = "<group>";
		};
		0BFD92EA296731DF001C6765 /* Models */ = {
			isa = PBXGroup;
			children = (
			);
			path = Models;
			sourceTree = "<group>";
		};
/* End PBXGroup section */

/* Begin PBXNativeTarget section */
		0BFD92882966EC85001C6765 /* InstagramWithBackend */ = {
			isa = PBXNativeTarget;
			buildConfigurationList = 0BFD92B22966EC87001C6765 /* Build configuration list for PBXNativeTarget "InstagramWithBackend" */;
			buildPhases = (
				0BFD92852966EC85001C6765 /* Sources */,
				0BFD92862966EC85001C6765 /* Frameworks */,
				0BFD92872966EC85001C6765 /* Resources */,
			);
			buildRules = (
			);
			dependencies = (
			);
			name = InstagramWithBackend;
			packageProductDependencies = (
				0BD1747A296DB90E00F04EE4 /* Kingfisher */,
				0B50251F2972B10C00DAB3E2 /* FirebaseAuth */,
				0B5025212972B10C00DAB3E2 /* FirebaseFirestore */,
				0B5025232972B10C00DAB3E2 /* FirebaseFirestoreSwift */,
				0B5025252972B10C00DAB3E2 /* FirebaseFunctions */,
				0B5025272972B10C00DAB3E2 /* FirebaseMessaging */,
				0B5025292972B10C00DAB3E2 /* FirebaseStorage */,
			);
			productName = InstagramWithBackend;
			productReference = 0BFD92892966EC85001C6765 /* InstagramWithBackend.app */;
			productType = "com.apple.product-type.application";
		};
		0BFD929D2966EC87001C6765 /* InstagramWithBackendTests */ = {
			isa = PBXNativeTarget;
			buildConfigurationList = 0BFD92B52966EC87001C6765 /* Build configuration list for PBXNativeTarget "InstagramWithBackendTests" */;
			buildPhases = (
				0BFD929A2966EC87001C6765 /* Sources */,
				0BFD929B2966EC87001C6765 /* Frameworks */,
				0BFD929C2966EC87001C6765 /* Resources */,
			);
			buildRules = (
			);
			dependencies = (
				0BFD92A02966EC87001C6765 /* PBXTargetDependency */,
			);
			name = InstagramWithBackendTests;
			productName = InstagramWithBackendTests;
			productReference = 0BFD929E2966EC87001C6765 /* InstagramWithBackendTests.xctest */;
			productType = "com.apple.product-type.bundle.unit-test";
		};
		0BFD92A72966EC87001C6765 /* InstagramWithBackendUITests */ = {
			isa = PBXNativeTarget;
			buildConfigurationList = 0BFD92B82966EC87001C6765 /* Build configuration list for PBXNativeTarget "InstagramWithBackendUITests" */;
			buildPhases = (
				0BFD92A42966EC87001C6765 /* Sources */,
				0BFD92A52966EC87001C6765 /* Frameworks */,
				0BFD92A62966EC87001C6765 /* Resources */,
			);
			buildRules = (
			);
			dependencies = (
				0BFD92AA2966EC87001C6765 /* PBXTargetDependency */,
			);
			name = InstagramWithBackendUITests;
			productName = InstagramWithBackendUITests;
			productReference = 0BFD92A82966EC87001C6765 /* InstagramWithBackendUITests.xctest */;
			productType = "com.apple.product-type.bundle.ui-testing";
		};
/* End PBXNativeTarget section */

/* Begin PBXProject section */
		0BFD92812966EC85001C6765 /* Project object */ = {
			isa = PBXProject;
			attributes = {
				BuildIndependentTargetsInParallel = 1;
				LastSwiftUpdateCheck = 1420;
				LastUpgradeCheck = 1420;
				TargetAttributes = {
					0BFD92882966EC85001C6765 = {
						CreatedOnToolsVersion = 14.2;
					};
					0BFD929D2966EC87001C6765 = {
						CreatedOnToolsVersion = 14.2;
						TestTargetID = 0BFD92882966EC85001C6765;
					};
					0BFD92A72966EC87001C6765 = {
						CreatedOnToolsVersion = 14.2;
						TestTargetID = 0BFD92882966EC85001C6765;
					};
				};
			};
			buildConfigurationList = 0BFD92842966EC85001C6765 /* Build configuration list for PBXProject "InstagramWithBackend" */;
			compatibilityVersion = "Xcode 14.0";
			developmentRegion = en;
			hasScannedForEncodings = 0;
			knownRegions = (
				en,
				Base,
			);
			mainGroup = 0BFD92802966EC85001C6765;
			packageReferences = (
				0BD17479296DB90E00F04EE4 /* XCRemoteSwiftPackageReference "Kingfisher" */,
				0B50251E2972B10C00DAB3E2 /* XCRemoteSwiftPackageReference "firebase-ios-sdk" */,
			);
			productRefGroup = 0BFD928A2966EC85001C6765 /* Products */;
			projectDirPath = "";
			projectRoot = "";
			targets = (
				0BFD92882966EC85001C6765 /* InstagramWithBackend */,
				0BFD929D2966EC87001C6765 /* InstagramWithBackendTests */,
				0BFD92A72966EC87001C6765 /* InstagramWithBackendUITests */,
			);
		};
/* End PBXProject section */

/* Begin PBXResourcesBuildPhase section */
		0BFD92872966EC85001C6765 /* Resources */ = {
			isa = PBXResourcesBuildPhase;
			buildActionMask = 2147483647;
			files = (
				0BFD92942966EC87001C6765 /* Preview Assets.xcassets in Resources */,
				0BFD92912966EC87001C6765 /* Assets.xcassets in Resources */,
				0B3F763A296D94BE00D3427C /* GoogleService-Info.plist in Resources */,
			);
			runOnlyForDeploymentPostprocessing = 0;
		};
		0BFD929C2966EC87001C6765 /* Resources */ = {
			isa = PBXResourcesBuildPhase;
			buildActionMask = 2147483647;
			files = (
			);
			runOnlyForDeploymentPostprocessing = 0;
		};
		0BFD92A62966EC87001C6765 /* Resources */ = {
			isa = PBXResourcesBuildPhase;
			buildActionMask = 2147483647;
			files = (
			);
			runOnlyForDeploymentPostprocessing = 0;
		};
/* End PBXResourcesBuildPhase section */

/* Begin PBXSourcesBuildPhase section */
		0BFD92852966EC85001C6765 /* Sources */ = {
			isa = PBXSourcesBuildPhase;
			buildActionMask = 2147483647;
			files = (
				0BAC70ED296828F00045AF31 /* UserListView.swift in Sources */,
				0BFD92DF296708D1001C6765 /* NotificationsView.swift in Sources */,
				0BFD92E629671738001C6765 /* AuthenticationView.swift in Sources */,
				0BFD92962966EC87001C6765 /* Persistence.swift in Sources */,
				0BFD92EE296734D8001C6765 /* Theme.swift in Sources */,
				0BAF11E429717E0300FE604E /* Constants.swift in Sources */,
				0BFD92DC2967080C001C6765 /* MainTabView.swift in Sources */,
				0BD17488296DF11400F04EE4 /* AuthenticationViewModel.swift in Sources */,
				0BAF11E62972068300FE604E /* User.swift in Sources */,
				0BFD92EC2967320E001C6765 /* FeedView.swift in Sources */,
				0BA2B9FC296A21EA00AD645B /* NotificationCell.swift in Sources */,
				0BFD92992966EC87001C6765 /* InstagramWithBackend.xcdatamodeld in Sources */,
				0BA2B9FA296A1B2900AD645B /* Extentions.swift in Sources */,
				0BFD92F029674199001C6765 /* FeedCell.swift in Sources */,
				0BAC70EB296828DB0045AF31 /* UserCell.swift in Sources */,
				0BFD92F2296794FE001C6765 /* PostGridView.swift in Sources */,
				0BC51029296CAE7E009F2585 /* LoginView.swift in Sources */,
				0BA1C949296B202500191A61 /* ImagePicker.swift in Sources */,
				0BA1C947296AE65A00191A61 /* ProfileHeaderView.swift in Sources */,
				0BFD928F2966EC85001C6765 /* ContentView.swift in Sources */,
				0BFD92C429670287001C6765 /* SearchView.swift in Sources */,
				0BFD92D8296707D0001C6765 /* UploadPostView.swift in Sources */,
				0BC5102B296CAEA2009F2585 /* ResetPasswordView.swift in Sources */,
				0BC92DD4296ED537001B0471 /* ImageUploader.swift in Sources */,
				0B50252C2972E08500DAB3E2 /* SearchViewModel.swift in Sources */,
				0BA1C943296ACFA200191A61 /* UserStatView.swift in Sources */,
				0BA1C945296ADF0900191A61 /* ProfileActionButtonView.swift in Sources */,
				0BFD928D2966EC85001C6765 /* InstagramWithBackendApp.swift in Sources */,
				0BC51027296CAE6F009F2585 /* RegisterView.swift in Sources */,
				0BFD92E129670D26001C6765 /* ProfileView.swift in Sources */,
				0BFD92CE2967030A001C6765 /* CommentsView.swift in Sources */,
			);
			runOnlyForDeploymentPostprocessing = 0;
		};
		0BFD929A2966EC87001C6765 /* Sources */ = {
			isa = PBXSourcesBuildPhase;
			buildActionMask = 2147483647;
			files = (
				0BFD92A32966EC87001C6765 /* InstagramWithBackendTests.swift in Sources */,
			);
			runOnlyForDeploymentPostprocessing = 0;
		};
		0BFD92A42966EC87001C6765 /* Sources */ = {
			isa = PBXSourcesBuildPhase;
			buildActionMask = 2147483647;
			files = (
				0BFD92AF2966EC87001C6765 /* InstagramWithBackendUITestsLaunchTests.swift in Sources */,
				0BFD92AD2966EC87001C6765 /* InstagramWithBackendUITests.swift in Sources */,
			);
			runOnlyForDeploymentPostprocessing = 0;
		};
/* End PBXSourcesBuildPhase section */

/* Begin PBXTargetDependency section */
		0BFD92A02966EC87001C6765 /* PBXTargetDependency */ = {
			isa = PBXTargetDependency;
			target = 0BFD92882966EC85001C6765 /* InstagramWithBackend */;
			targetProxy = 0BFD929F2966EC87001C6765 /* PBXContainerItemProxy */;
		};
		0BFD92AA2966EC87001C6765 /* PBXTargetDependency */ = {
			isa = PBXTargetDependency;
			target = 0BFD92882966EC85001C6765 /* InstagramWithBackend */;
			targetProxy = 0BFD92A92966EC87001C6765 /* PBXContainerItemProxy */;
		};
/* End PBXTargetDependency section */

/* Begin XCBuildConfiguration section */
		0BFD92B02966EC87001C6765 /* Debug */ = {
			isa = XCBuildConfiguration;
			buildSettings = {
				ALWAYS_SEARCH_USER_PATHS = NO;
				CLANG_ANALYZER_NONNULL = YES;
				CLANG_ANALYZER_NUMBER_OBJECT_CONVERSION = YES_AGGRESSIVE;
				CLANG_CXX_LANGUAGE_STANDARD = "gnu++20";
				CLANG_ENABLE_MODULES = YES;
				CLANG_ENABLE_OBJC_ARC = YES;
				CLANG_ENABLE_OBJC_WEAK = YES;
				CLANG_WARN_BLOCK_CAPTURE_AUTORELEASING = YES;
				CLANG_WARN_BOOL_CONVERSION = YES;
				CLANG_WARN_COMMA = YES;
				CLANG_WARN_CONSTANT_CONVERSION = YES;
				CLANG_WARN_DEPRECATED_OBJC_IMPLEMENTATIONS = YES;
				CLANG_WARN_DIRECT_OBJC_ISA_USAGE = YES_ERROR;
				CLANG_WARN_DOCUMENTATION_COMMENTS = YES;
				CLANG_WARN_EMPTY_BODY = YES;
				CLANG_WARN_ENUM_CONVERSION = YES;
				CLANG_WARN_INFINITE_RECURSION = YES;
				CLANG_WARN_INT_CONVERSION = YES;
				CLANG_WARN_NON_LITERAL_NULL_CONVERSION = YES;
				CLANG_WARN_OBJC_IMPLICIT_RETAIN_SELF = YES;
				CLANG_WARN_OBJC_LITERAL_CONVERSION = YES;
				CLANG_WARN_OBJC_ROOT_CLASS = YES_ERROR;
				CLANG_WARN_QUOTED_INCLUDE_IN_FRAMEWORK_HEADER = YES;
				CLANG_WARN_RANGE_LOOP_ANALYSIS = YES;
				CLANG_WARN_STRICT_PROTOTYPES = YES;
				CLANG_WARN_SUSPICIOUS_MOVE = YES;
				CLANG_WARN_UNGUARDED_AVAILABILITY = YES_AGGRESSIVE;
				CLANG_WARN_UNREACHABLE_CODE = YES;
				CLANG_WARN__DUPLICATE_METHOD_MATCH = YES;
				COPY_PHASE_STRIP = NO;
				DEBUG_INFORMATION_FORMAT = dwarf;
				ENABLE_STRICT_OBJC_MSGSEND = YES;
				ENABLE_TESTABILITY = YES;
				GCC_C_LANGUAGE_STANDARD = gnu11;
				GCC_DYNAMIC_NO_PIC = NO;
				GCC_NO_COMMON_BLOCKS = YES;
				GCC_OPTIMIZATION_LEVEL = 0;
				GCC_PREPROCESSOR_DEFINITIONS = (
					"DEBUG=1",
					"$(inherited)",
				);
				GCC_WARN_64_TO_32_BIT_CONVERSION = YES;
				GCC_WARN_ABOUT_RETURN_TYPE = YES_ERROR;
				GCC_WARN_UNDECLARED_SELECTOR = YES;
				GCC_WARN_UNINITIALIZED_AUTOS = YES_AGGRESSIVE;
				GCC_WARN_UNUSED_FUNCTION = YES;
				GCC_WARN_UNUSED_VARIABLE = YES;
				IPHONEOS_DEPLOYMENT_TARGET = 16.2;
				MTL_ENABLE_DEBUG_INFO = INCLUDE_SOURCE;
				MTL_FAST_MATH = YES;
				ONLY_ACTIVE_ARCH = YES;
				SDKROOT = iphoneos;
				SWIFT_ACTIVE_COMPILATION_CONDITIONS = DEBUG;
				SWIFT_OPTIMIZATION_LEVEL = "-Onone";
			};
			name = Debug;
		};
		0BFD92B12966EC87001C6765 /* Release */ = {
			isa = XCBuildConfiguration;
			buildSettings = {
				ALWAYS_SEARCH_USER_PATHS = NO;
				CLANG_ANALYZER_NONNULL = YES;
				CLANG_ANALYZER_NUMBER_OBJECT_CONVERSION = YES_AGGRESSIVE;
				CLANG_CXX_LANGUAGE_STANDARD = "gnu++20";
				CLANG_ENABLE_MODULES = YES;
				CLANG_ENABLE_OBJC_ARC = YES;
				CLANG_ENABLE_OBJC_WEAK = YES;
				CLANG_WARN_BLOCK_CAPTURE_AUTORELEASING = YES;
				CLANG_WARN_BOOL_CONVERSION = YES;
				CLANG_WARN_COMMA = YES;
				CLANG_WARN_CONSTANT_CONVERSION = YES;
				CLANG_WARN_DEPRECATED_OBJC_IMPLEMENTATIONS = YES;
				CLANG_WARN_DIRECT_OBJC_ISA_USAGE = YES_ERROR;
				CLANG_WARN_DOCUMENTATION_COMMENTS = YES;
				CLANG_WARN_EMPTY_BODY = YES;
				CLANG_WARN_ENUM_CONVERSION = YES;
				CLANG_WARN_INFINITE_RECURSION = YES;
				CLANG_WARN_INT_CONVERSION = YES;
				CLANG_WARN_NON_LITERAL_NULL_CONVERSION = YES;
				CLANG_WARN_OBJC_IMPLICIT_RETAIN_SELF = YES;
				CLANG_WARN_OBJC_LITERAL_CONVERSION = YES;
				CLANG_WARN_OBJC_ROOT_CLASS = YES_ERROR;
				CLANG_WARN_QUOTED_INCLUDE_IN_FRAMEWORK_HEADER = YES;
				CLANG_WARN_RANGE_LOOP_ANALYSIS = YES;
				CLANG_WARN_STRICT_PROTOTYPES = YES;
				CLANG_WARN_SUSPICIOUS_MOVE = YES;
				CLANG_WARN_UNGUARDED_AVAILABILITY = YES_AGGRESSIVE;
				CLANG_WARN_UNREACHABLE_CODE = YES;
				CLANG_WARN__DUPLICATE_METHOD_MATCH = YES;
				COPY_PHASE_STRIP = NO;
				DEBUG_INFORMATION_FORMAT = "dwarf-with-dsym";
				ENABLE_NS_ASSERTIONS = NO;
				ENABLE_STRICT_OBJC_MSGSEND = YES;
				GCC_C_LANGUAGE_STANDARD = gnu11;
				GCC_NO_COMMON_BLOCKS = YES;
				GCC_WARN_64_TO_32_BIT_CONVERSION = YES;
				GCC_WARN_ABOUT_RETURN_TYPE = YES_ERROR;
				GCC_WARN_UNDECLARED_SELECTOR = YES;
				GCC_WARN_UNINITIALIZED_AUTOS = YES_AGGRESSIVE;
				GCC_WARN_UNUSED_FUNCTION = YES;
				GCC_WARN_UNUSED_VARIABLE = YES;
				IPHONEOS_DEPLOYMENT_TARGET = 16.2;
				MTL_ENABLE_DEBUG_INFO = NO;
				MTL_FAST_MATH = YES;
				SDKROOT = iphoneos;
				SWIFT_COMPILATION_MODE = wholemodule;
				SWIFT_OPTIMIZATION_LEVEL = "-O";
				VALIDATE_PRODUCT = YES;
			};
			name = Release;
		};
		0BFD92B32966EC87001C6765 /* Debug */ = {
			isa = XCBuildConfiguration;
			buildSettings = {
				ASSETCATALOG_COMPILER_APPICON_NAME = AppIcon;
				ASSETCATALOG_COMPILER_GLOBAL_ACCENT_COLOR_NAME = AccentColor;
				CODE_SIGN_STYLE = Automatic;
				CURRENT_PROJECT_VERSION = 1;
				DEVELOPMENT_ASSET_PATHS = "\"InstagramWithBackend/Preview Content\"";
				DEVELOPMENT_TEAM = J4Z7QN3M6A;
				ENABLE_PREVIEWS = YES;
				GENERATE_INFOPLIST_FILE = YES;
				INFOPLIST_KEY_UIApplicationSceneManifest_Generation = YES;
				INFOPLIST_KEY_UIApplicationSupportsIndirectInputEvents = YES;
				INFOPLIST_KEY_UILaunchScreen_Generation = YES;
				INFOPLIST_KEY_UISupportedInterfaceOrientations_iPad = "UIInterfaceOrientationPortrait UIInterfaceOrientationPortraitUpsideDown UIInterfaceOrientationLandscapeLeft UIInterfaceOrientationLandscapeRight";
				INFOPLIST_KEY_UISupportedInterfaceOrientations_iPhone = "UIInterfaceOrientationPortrait UIInterfaceOrientationLandscapeLeft UIInterfaceOrientationLandscapeRight";
				IPHONEOS_DEPLOYMENT_TARGET = 16.2;
				LD_RUNPATH_SEARCH_PATHS = (
					"$(inherited)",
					"@executable_path/Frameworks",
				);
				MARKETING_VERSION = 1.0;
				PRODUCT_BUNDLE_IDENTIFIER = cohenzuri.com.InstagramWithBackend;
				PRODUCT_NAME = "$(TARGET_NAME)";
				SWIFT_EMIT_LOC_STRINGS = YES;
				SWIFT_VERSION = 5.0;
				TARGETED_DEVICE_FAMILY = "1,2";
			};
			name = Debug;
		};
		0BFD92B42966EC87001C6765 /* Release */ = {
			isa = XCBuildConfiguration;
			buildSettings = {
				ASSETCATALOG_COMPILER_APPICON_NAME = AppIcon;
				ASSETCATALOG_COMPILER_GLOBAL_ACCENT_COLOR_NAME = AccentColor;
				CODE_SIGN_STYLE = Automatic;
				CURRENT_PROJECT_VERSION = 1;
				DEVELOPMENT_ASSET_PATHS = "\"InstagramWithBackend/Preview Content\"";
				DEVELOPMENT_TEAM = J4Z7QN3M6A;
				ENABLE_PREVIEWS = YES;
				GENERATE_INFOPLIST_FILE = YES;
				INFOPLIST_KEY_UIApplicationSceneManifest_Generation = YES;
				INFOPLIST_KEY_UIApplicationSupportsIndirectInputEvents = YES;
				INFOPLIST_KEY_UILaunchScreen_Generation = YES;
				INFOPLIST_KEY_UISupportedInterfaceOrientations_iPad = "UIInterfaceOrientationPortrait UIInterfaceOrientationPortraitUpsideDown UIInterfaceOrientationLandscapeLeft UIInterfaceOrientationLandscapeRight";
				INFOPLIST_KEY_UISupportedInterfaceOrientations_iPhone = "UIInterfaceOrientationPortrait UIInterfaceOrientationLandscapeLeft UIInterfaceOrientationLandscapeRight";
				IPHONEOS_DEPLOYMENT_TARGET = 16.2;
				LD_RUNPATH_SEARCH_PATHS = (
					"$(inherited)",
					"@executable_path/Frameworks",
				);
				MARKETING_VERSION = 1.0;
				PRODUCT_BUNDLE_IDENTIFIER = cohenzuri.com.InstagramWithBackend;
				PRODUCT_NAME = "$(TARGET_NAME)";
				SWIFT_EMIT_LOC_STRINGS = YES;
				SWIFT_VERSION = 5.0;
				TARGETED_DEVICE_FAMILY = "1,2";
			};
			name = Release;
		};
		0BFD92B62966EC87001C6765 /* Debug */ = {
			isa = XCBuildConfiguration;
			buildSettings = {
				ALWAYS_EMBED_SWIFT_STANDARD_LIBRARIES = YES;
				BUNDLE_LOADER = "$(TEST_HOST)";
				CODE_SIGN_STYLE = Automatic;
				CURRENT_PROJECT_VERSION = 1;
				DEVELOPMENT_TEAM = J4Z7QN3M6A;
				GENERATE_INFOPLIST_FILE = YES;
				IPHONEOS_DEPLOYMENT_TARGET = 16.2;
				MARKETING_VERSION = 1.0;
				PRODUCT_BUNDLE_IDENTIFIER = cohenzuri.com.InstagramWithBackendTests;
				PRODUCT_NAME = "$(TARGET_NAME)";
				SWIFT_EMIT_LOC_STRINGS = NO;
				SWIFT_VERSION = 5.0;
				TARGETED_DEVICE_FAMILY = "1,2";
				TEST_HOST = "$(BUILT_PRODUCTS_DIR)/InstagramWithBackend.app/$(BUNDLE_EXECUTABLE_FOLDER_PATH)/InstagramWithBackend";
			};
			name = Debug;
		};
		0BFD92B72966EC87001C6765 /* Release */ = {
			isa = XCBuildConfiguration;
			buildSettings = {
				ALWAYS_EMBED_SWIFT_STANDARD_LIBRARIES = YES;
				BUNDLE_LOADER = "$(TEST_HOST)";
				CODE_SIGN_STYLE = Automatic;
				CURRENT_PROJECT_VERSION = 1;
				DEVELOPMENT_TEAM = J4Z7QN3M6A;
				GENERATE_INFOPLIST_FILE = YES;
				IPHONEOS_DEPLOYMENT_TARGET = 16.2;
				MARKETING_VERSION = 1.0;
				PRODUCT_BUNDLE_IDENTIFIER = cohenzuri.com.InstagramWithBackendTests;
				PRODUCT_NAME = "$(TARGET_NAME)";
				SWIFT_EMIT_LOC_STRINGS = NO;
				SWIFT_VERSION = 5.0;
				TARGETED_DEVICE_FAMILY = "1,2";
				TEST_HOST = "$(BUILT_PRODUCTS_DIR)/InstagramWithBackend.app/$(BUNDLE_EXECUTABLE_FOLDER_PATH)/InstagramWithBackend";
			};
			name = Release;
		};
		0BFD92B92966EC87001C6765 /* Debug */ = {
			isa = XCBuildConfiguration;
			buildSettings = {
				ALWAYS_EMBED_SWIFT_STANDARD_LIBRARIES = YES;
				CODE_SIGN_STYLE = Automatic;
				CURRENT_PROJECT_VERSION = 1;
				DEVELOPMENT_TEAM = J4Z7QN3M6A;
				GENERATE_INFOPLIST_FILE = YES;
				MARKETING_VERSION = 1.0;
				PRODUCT_BUNDLE_IDENTIFIER = cohenzuri.com.InstagramWithBackendUITests;
				PRODUCT_NAME = "$(TARGET_NAME)";
				SWIFT_EMIT_LOC_STRINGS = NO;
				SWIFT_VERSION = 5.0;
				TARGETED_DEVICE_FAMILY = "1,2";
				TEST_TARGET_NAME = InstagramWithBackend;
			};
			name = Debug;
		};
		0BFD92BA2966EC87001C6765 /* Release */ = {
			isa = XCBuildConfiguration;
			buildSettings = {
				ALWAYS_EMBED_SWIFT_STANDARD_LIBRARIES = YES;
				CODE_SIGN_STYLE = Automatic;
				CURRENT_PROJECT_VERSION = 1;
				DEVELOPMENT_TEAM = J4Z7QN3M6A;
				GENERATE_INFOPLIST_FILE = YES;
				MARKETING_VERSION = 1.0;
				PRODUCT_BUNDLE_IDENTIFIER = cohenzuri.com.InstagramWithBackendUITests;
				PRODUCT_NAME = "$(TARGET_NAME)";
				SWIFT_EMIT_LOC_STRINGS = NO;
				SWIFT_VERSION = 5.0;
				TARGETED_DEVICE_FAMILY = "1,2";
				TEST_TARGET_NAME = InstagramWithBackend;
			};
			name = Release;
		};
/* End XCBuildConfiguration section */

/* Begin XCConfigurationList section */
		0BFD92842966EC85001C6765 /* Build configuration list for PBXProject "InstagramWithBackend" */ = {
			isa = XCConfigurationList;
			buildConfigurations = (
				0BFD92B02966EC87001C6765 /* Debug */,
				0BFD92B12966EC87001C6765 /* Release */,
			);
			defaultConfigurationIsVisible = 0;
			defaultConfigurationName = Release;
		};
		0BFD92B22966EC87001C6765 /* Build configuration list for PBXNativeTarget "InstagramWithBackend" */ = {
			isa = XCConfigurationList;
			buildConfigurations = (
				0BFD92B32966EC87001C6765 /* Debug */,
				0BFD92B42966EC87001C6765 /* Release */,
			);
			defaultConfigurationIsVisible = 0;
			defaultConfigurationName = Release;
		};
		0BFD92B52966EC87001C6765 /* Build configuration list for PBXNativeTarget "InstagramWithBackendTests" */ = {
			isa = XCConfigurationList;
			buildConfigurations = (
				0BFD92B62966EC87001C6765 /* Debug */,
				0BFD92B72966EC87001C6765 /* Release */,
			);
			defaultConfigurationIsVisible = 0;
			defaultConfigurationName = Release;
		};
		0BFD92B82966EC87001C6765 /* Build configuration list for PBXNativeTarget "InstagramWithBackendUITests" */ = {
			isa = XCConfigurationList;
			buildConfigurations = (
				0BFD92B92966EC87001C6765 /* Debug */,
				0BFD92BA2966EC87001C6765 /* Release */,
			);
			defaultConfigurationIsVisible = 0;
			defaultConfigurationName = Release;
		};
/* End XCConfigurationList section */

/* Begin XCRemoteSwiftPackageReference section */
		0B50251E2972B10C00DAB3E2 /* XCRemoteSwiftPackageReference "firebase-ios-sdk" */ = {
			isa = XCRemoteSwiftPackageReference;
			repositoryURL = "https://github.com/firebase/firebase-ios-sdk.git";
			requirement = {
				kind = upToNextMajorVersion;
				minimumVersion = 9.0.0;
			};
		};
		0BD17479296DB90E00F04EE4 /* XCRemoteSwiftPackageReference "Kingfisher" */ = {
			isa = XCRemoteSwiftPackageReference;
			repositoryURL = "https://github.com/onevcat/Kingfisher";
			requirement = {
				kind = upToNextMajorVersion;
				minimumVersion = 7.0.0;
			};
		};
/* End XCRemoteSwiftPackageReference section */

/* Begin XCSwiftPackageProductDependency section */
		0B50251F2972B10C00DAB3E2 /* FirebaseAuth */ = {
			isa = XCSwiftPackageProductDependency;
			package = 0B50251E2972B10C00DAB3E2 /* XCRemoteSwiftPackageReference "firebase-ios-sdk" */;
			productName = FirebaseAuth;
		};
		0B5025212972B10C00DAB3E2 /* FirebaseFirestore */ = {
			isa = XCSwiftPackageProductDependency;
			package = 0B50251E2972B10C00DAB3E2 /* XCRemoteSwiftPackageReference "firebase-ios-sdk" */;
			productName = FirebaseFirestore;
		};
		0B5025232972B10C00DAB3E2 /* FirebaseFirestoreSwift */ = {
			isa = XCSwiftPackageProductDependency;
			package = 0B50251E2972B10C00DAB3E2 /* XCRemoteSwiftPackageReference "firebase-ios-sdk" */;
			productName = FirebaseFirestoreSwift;
		};
		0B5025252972B10C00DAB3E2 /* FirebaseFunctions */ = {
			isa = XCSwiftPackageProductDependency;
			package = 0B50251E2972B10C00DAB3E2 /* XCRemoteSwiftPackageReference "firebase-ios-sdk" */;
			productName = FirebaseFunctions;
		};
		0B5025272972B10C00DAB3E2 /* FirebaseMessaging */ = {
			isa = XCSwiftPackageProductDependency;
			package = 0B50251E2972B10C00DAB3E2 /* XCRemoteSwiftPackageReference "firebase-ios-sdk" */;
			productName = FirebaseMessaging;
		};
		0B5025292972B10C00DAB3E2 /* FirebaseStorage */ = {
			isa = XCSwiftPackageProductDependency;
			package = 0B50251E2972B10C00DAB3E2 /* XCRemoteSwiftPackageReference "firebase-ios-sdk" */;
			productName = FirebaseStorage;
		};
		0BD1747A296DB90E00F04EE4 /* Kingfisher */ = {
			isa = XCSwiftPackageProductDependency;
			package = 0BD17479296DB90E00F04EE4 /* XCRemoteSwiftPackageReference "Kingfisher" */;
			productName = Kingfisher;
		};
/* End XCSwiftPackageProductDependency section */

/* Begin XCVersionGroup section */
		0BFD92972966EC87001C6765 /* InstagramWithBackend.xcdatamodeld */ = {
			isa = XCVersionGroup;
			children = (
				0BFD92982966EC87001C6765 /* InstagramWithBackend.xcdatamodel */,
			);
			currentVersion = 0BFD92982966EC87001C6765 /* InstagramWithBackend.xcdatamodel */;
			path = InstagramWithBackend.xcdatamodeld;
			sourceTree = "<group>";
			versionGroupType = wrapper.xcdatamodel;
		};
/* End XCVersionGroup section */
	};
	rootObject = 0BFD92812966EC85001C6765 /* Project object */;
}
